
Microsoft Visual Studio Solution File, Format Version 12.00
# Visual Studio Version 17
VisualStudioVersion = 17.6.33815.320
MinimumVisualStudioVersion = 10.0.40219.1
Project("{FAE04EC0-301F-11D3-BF4B-00C04F79EFBC}") = "PorBaixoDosPanos", "PorBaixoDosPanos.csproj", "{994882DA-796F-4C2A-A268-3F0E74FE17EB}"
EndProject
Global
	GlobalSection(SolutionConfigurationPlatforms) = preSolution
		Debug|Any CPU = Debug|Any CPU
		Release|Any CPU = Release|Any CPU
	EndGlobalSection
	GlobalSection(ProjectConfigurationPlatforms) = postSolution
		{994882DA-796F-4C2A-A268-3F0E74FE17EB}.Debug|Any CPU.ActiveCfg = Debug|Any CPU
		{994882DA-796F-4C2A-A268-3F0E74FE17EB}.Debug|Any CPU.Build.0 = Debug|Any CPU
		{994882DA-796F-4C2A-A268-3F0E74FE17EB}.Release|Any CPU.ActiveCfg = Release|Any CPU
		{994882DA-796F-4C2A-A268-3F0E74FE17EB}.Release|Any CPU.Build.0 = Release|Any CPU
	EndGlobalSection
	GlobalSection(SolutionProperties) = preSolution
		HideSolutionNode = FALSE
	EndGlobalSection
	GlobalSection(ExtensibilityGlobals) = postSolution
		SolutionGuid = {14B6E595-0C7E-4059-B4FA-1E2AFA899F5E}
	EndGlobalSection
EndGlobal
